
Microsoft Visual Studio Solution File, Format Version 12.00
# Visual Studio Version 17
VisualStudioVersion = 17.5.002.0
MinimumVisualStudioVersion = 10.0.40219.1
Project("{9A19103F-16F7-4668-BE54-9A1E7A4F7556}") = "Intro", "Intro\Intro.csproj", "{76D39B0B-B8F5-47AA-81DB-87919C43727A}"
EndProject
Project("{2150E333-8FDC-42A3-9474-1A3956D46DE8}") = "Kapitel-1", "Kapitel-1", "{71FD6A9B-2CC0-49DB-8A9F-70949070BD49}"
EndProject
Project("{9A19103F-16F7-4668-BE54-9A1E7A4F7556}") = "HelloWorld", "Kapitel-1\HelloWorld\HelloWorld.csproj", "{21BAAAAC-DF9A-4D69-87A0-165B9C9ECC25}"
EndProject
Global
	GlobalSection(SolutionConfigurationPlatforms) = preSolution
		Debug|Any CPU = Debug|Any CPU
		Release|Any CPU = Release|Any CPU
	EndGlobalSection
	GlobalSection(ProjectConfigurationPlatforms) = postSolution
		{76D39B0B-B8F5-47AA-81DB-87919C43727A}.Debug|Any CPU.ActiveCfg = Debug|Any CPU
		{76D39B0B-B8F5-47AA-81DB-87919C43727A}.Debug|Any CPU.Build.0 = Debug|Any CPU
		{76D39B0B-B8F5-47AA-81DB-87919C43727A}.Release|Any CPU.ActiveCfg = Release|Any CPU
		{76D39B0B-B8F5-47AA-81DB-87919C43727A}.Release|Any CPU.Build.0 = Release|Any CPU
		{21BAAAAC-DF9A-4D69-87A0-165B9C9ECC25}.Debug|Any CPU.ActiveCfg = Debug|Any CPU
		{21BAAAAC-DF9A-4D69-87A0-165B9C9ECC25}.Debug|Any CPU.Build.0 = Debug|Any CPU
		{21BAAAAC-DF9A-4D69-87A0-165B9C9ECC25}.Release|Any CPU.ActiveCfg = Release|Any CPU
		{21BAAAAC-DF9A-4D69-87A0-165B9C9ECC25}.Release|Any CPU.Build.0 = Release|Any CPU
	EndGlobalSection
	GlobalSection(SolutionProperties) = preSolution
		HideSolutionNode = FALSE
	EndGlobalSection
	GlobalSection(NestedProjects) = preSolution
		{21BAAAAC-DF9A-4D69-87A0-165B9C9ECC25} = {71FD6A9B-2CC0-49DB-8A9F-70949070BD49}
	EndGlobalSection
	GlobalSection(ExtensibilityGlobals) = postSolution
		SolutionGuid = {C56D68D4-B575-434B-8DF0-9B7E213FF960}
	EndGlobalSection
EndGlobal
