
Microsoft Visual Studio Solution File, Format Version 12.00
# Visual Studio Version 17
VisualStudioVersion = 17.5.002.0
MinimumVisualStudioVersion = 10.0.40219.1
Project("{9A19103F-16F7-4668-BE54-9A1E7A4F7556}") = "Labyrint", "Labyrint.csproj", "{83D8AA6E-C724-4D95-B1FE-FBB8F8EFA730}"
EndProject
Global
	GlobalSection(SolutionConfigurationPlatforms) = preSolution
		Debug|Any CPU = Debug|Any CPU
		Release|Any CPU = Release|Any CPU
	EndGlobalSection
	GlobalSection(ProjectConfigurationPlatforms) = postSolution
		{83D8AA6E-C724-4D95-B1FE-FBB8F8EFA730}.Debug|Any CPU.ActiveCfg = Debug|Any CPU
		{83D8AA6E-C724-4D95-B1FE-FBB8F8EFA730}.Debug|Any CPU.Build.0 = Debug|Any CPU
		{83D8AA6E-C724-4D95-B1FE-FBB8F8EFA730}.Release|Any CPU.ActiveCfg = Release|Any CPU
		{83D8AA6E-C724-4D95-B1FE-FBB8F8EFA730}.Release|Any CPU.Build.0 = Release|Any CPU
	EndGlobalSection
	GlobalSection(SolutionProperties) = preSolution
		HideSolutionNode = FALSE
	EndGlobalSection
	GlobalSection(ExtensibilityGlobals) = postSolution
		SolutionGuid = {C531A845-F753-4A03-8129-B69810E9D47A}
	EndGlobalSection
EndGlobal
