
Microsoft Visual Studio Solution File, Format Version 12.00
# Visual Studio Version 17
VisualStudioVersion = 17.5.002.0
MinimumVisualStudioVersion = 10.0.40219.1
Project("{9A19103F-16F7-4668-BE54-9A1E7A4F7556}") = "Landregister", "Landregister.csproj", "{96F90526-8449-498A-935C-3B88CC2711C8}"
EndProject
Global
	GlobalSection(SolutionConfigurationPlatforms) = preSolution
		Debug|Any CPU = Debug|Any CPU
		Release|Any CPU = Release|Any CPU
	EndGlobalSection
	GlobalSection(ProjectConfigurationPlatforms) = postSolution
		{96F90526-8449-498A-935C-3B88CC2711C8}.Debug|Any CPU.ActiveCfg = Debug|Any CPU
		{96F90526-8449-498A-935C-3B88CC2711C8}.Debug|Any CPU.Build.0 = Debug|Any CPU
		{96F90526-8449-498A-935C-3B88CC2711C8}.Release|Any CPU.ActiveCfg = Release|Any CPU
		{96F90526-8449-498A-935C-3B88CC2711C8}.Release|Any CPU.Build.0 = Release|Any CPU
	EndGlobalSection
	GlobalSection(SolutionProperties) = preSolution
		HideSolutionNode = FALSE
	EndGlobalSection
	GlobalSection(ExtensibilityGlobals) = postSolution
		SolutionGuid = {2E4380F7-C77F-4690-B9EC-A295E201CC46}
	EndGlobalSection
EndGlobal
